
Microsoft Visual Studio Solution File, Format Version 12.00
# Visual Studio Version 17
VisualStudioVersion = 17.1.32407.343
MinimumVisualStudioVersion = 10.0.40219.1
Project("{FAE04EC0-301F-11D3-BF4B-00C04F79EFBC}") = "Technical task", "Technical task\Technical task.csproj", "{0B559747-BB2F-4D82-B4F2-AE4F4FAC48D0}"
EndProject
Global
	GlobalSection(SolutionConfigurationPlatforms) = preSolution
		Debug|Any CPU = Debug|Any CPU
		Release|Any CPU = Release|Any CPU
	EndGlobalSection
	GlobalSection(ProjectConfigurationPlatforms) = postSolution
		{0B559747-BB2F-4D82-B4F2-AE4F4FAC48D0}.Debug|Any CPU.ActiveCfg = Debug|Any CPU
		{0B559747-BB2F-4D82-B4F2-AE4F4FAC48D0}.Debug|Any CPU.Build.0 = Debug|Any CPU
		{0B559747-BB2F-4D82-B4F2-AE4F4FAC48D0}.Release|Any CPU.ActiveCfg = Release|Any CPU
		{0B559747-BB2F-4D82-B4F2-AE4F4FAC48D0}.Release|Any CPU.Build.0 = Release|Any CPU
	EndGlobalSection
	GlobalSection(SolutionProperties) = preSolution
		HideSolutionNode = FALSE
	EndGlobalSection
	GlobalSection(ExtensibilityGlobals) = postSolution
		SolutionGuid = {2CF7BBA1-A282-4001-960B-9F3B73C5C66B}
	EndGlobalSection
EndGlobal
